
Microsoft Visual Studio Solution File, Format Version 12.00
# Visual Studio Version 16
VisualStudioVersion = 16.0.30011.22
MinimumVisualStudioVersion = 10.0.40219.1
Project("{888888A0-9F3D-457C-B088-3A5042F75D52}") = "7.1 返回最长数字字串", "7.1 返回最长数字字串.pyproj", "{05A2E85D-29D4-465F-8B09-F53450A7CCAF}"
EndProject
Global
	GlobalSection(SolutionConfigurationPlatforms) = preSolution
		Debug|Any CPU = Debug|Any CPU
		Release|Any CPU = Release|Any CPU
	EndGlobalSection
	GlobalSection(ProjectConfigurationPlatforms) = postSolution
		{05A2E85D-29D4-465F-8B09-F53450A7CCAF}.Debug|Any CPU.ActiveCfg = Debug|Any CPU
		{05A2E85D-29D4-465F-8B09-F53450A7CCAF}.Release|Any CPU.ActiveCfg = Release|Any CPU
	EndGlobalSection
	GlobalSection(SolutionProperties) = preSolution
		HideSolutionNode = FALSE
	EndGlobalSection
	GlobalSection(ExtensibilityGlobals) = postSolution
		SolutionGuid = {6A16E285-CE67-4358-BBAB-972B82BD77BA}
	EndGlobalSection
EndGlobal
