
Microsoft Visual Studio Solution File, Format Version 12.00
# Visual Studio Version 16
VisualStudioVersion = 16.0.30011.22
MinimumVisualStudioVersion = 10.0.40219.1
Project("{888888A0-9F3D-457C-B088-3A5042F75D52}") = "7-6 统计个词出现的次数（jieba库）", "7-6 统计个词出现的次数（jieba库）.pyproj", "{B58B8487-465D-4996-B28C-A1F13D562909}"
EndProject
Global
	GlobalSection(SolutionConfigurationPlatforms) = preSolution
		Debug|Any CPU = Debug|Any CPU
		Release|Any CPU = Release|Any CPU
	EndGlobalSection
	GlobalSection(ProjectConfigurationPlatforms) = postSolution
		{B58B8487-465D-4996-B28C-A1F13D562909}.Debug|Any CPU.ActiveCfg = Debug|Any CPU
		{B58B8487-465D-4996-B28C-A1F13D562909}.Release|Any CPU.ActiveCfg = Release|Any CPU
	EndGlobalSection
	GlobalSection(SolutionProperties) = preSolution
		HideSolutionNode = FALSE
	EndGlobalSection
	GlobalSection(ExtensibilityGlobals) = postSolution
		SolutionGuid = {366CCB7E-7C6F-48DF-81B2-6F85DCFE887F}
	EndGlobalSection
EndGlobal
