
Microsoft Visual Studio Solution File, Format Version 12.00
# Visual Studio Version 16
VisualStudioVersion = 16.0.30011.22
MinimumVisualStudioVersion = 10.0.40219.1
Project("{888888A0-9F3D-457C-B088-3A5042F75D52}") = "5.6.4", "5.6.4.pyproj", "{40A94BD9-7437-4536-B7FC-E1A60AE17E29}"
EndProject
Global
	GlobalSection(SolutionConfigurationPlatforms) = preSolution
		Debug|Any CPU = Debug|Any CPU
		Release|Any CPU = Release|Any CPU
	EndGlobalSection
	GlobalSection(ProjectConfigurationPlatforms) = postSolution
		{40A94BD9-7437-4536-B7FC-E1A60AE17E29}.Debug|Any CPU.ActiveCfg = Debug|Any CPU
		{40A94BD9-7437-4536-B7FC-E1A60AE17E29}.Release|Any CPU.ActiveCfg = Release|Any CPU
	EndGlobalSection
	GlobalSection(SolutionProperties) = preSolution
		HideSolutionNode = FALSE
	EndGlobalSection
	GlobalSection(ExtensibilityGlobals) = postSolution
		SolutionGuid = {E537438E-FD51-4090-A91E-C348F2DAFD0B}
	EndGlobalSection
EndGlobal
