
Microsoft Visual Studio Solution File, Format Version 12.00
# Visual Studio Version 16
VisualStudioVersion = 16.0.30128.74
MinimumVisualStudioVersion = 10.0.40219.1
Project("{888888A0-9F3D-457C-B088-3A5042F75D52}") = "为图片批量添加水印", "为图片批量添加水印.pyproj", "{D0F63735-8406-421B-83A3-144A3E6A0221}"
EndProject
Global
	GlobalSection(SolutionConfigurationPlatforms) = preSolution
		Debug|Any CPU = Debug|Any CPU
		Release|Any CPU = Release|Any CPU
	EndGlobalSection
	GlobalSection(ProjectConfigurationPlatforms) = postSolution
		{D0F63735-8406-421B-83A3-144A3E6A0221}.Debug|Any CPU.ActiveCfg = Debug|Any CPU
		{D0F63735-8406-421B-83A3-144A3E6A0221}.Release|Any CPU.ActiveCfg = Release|Any CPU
	EndGlobalSection
	GlobalSection(SolutionProperties) = preSolution
		HideSolutionNode = FALSE
	EndGlobalSection
	GlobalSection(ExtensibilityGlobals) = postSolution
		SolutionGuid = {2E6969E9-413B-403D-9CF1-CAF2698BD1DC}
	EndGlobalSection
EndGlobal
