
Microsoft Visual Studio Solution File, Format Version 12.00
# Visual Studio Version 16
VisualStudioVersion = 16.0.30011.22
MinimumVisualStudioVersion = 10.0.40219.1
Project("{888888A0-9F3D-457C-B088-3A5042F75D52}") = "5.6.2", "5.6.2.pyproj", "{442DE600-FF8E-4D60-B533-43954EC096E9}"
EndProject
Global
	GlobalSection(SolutionConfigurationPlatforms) = preSolution
		Debug|Any CPU = Debug|Any CPU
		Release|Any CPU = Release|Any CPU
	EndGlobalSection
	GlobalSection(ProjectConfigurationPlatforms) = postSolution
		{442DE600-FF8E-4D60-B533-43954EC096E9}.Debug|Any CPU.ActiveCfg = Debug|Any CPU
		{442DE600-FF8E-4D60-B533-43954EC096E9}.Release|Any CPU.ActiveCfg = Release|Any CPU
	EndGlobalSection
	GlobalSection(SolutionProperties) = preSolution
		HideSolutionNode = FALSE
	EndGlobalSection
	GlobalSection(ExtensibilityGlobals) = postSolution
		SolutionGuid = {AE5E5EC1-E1AB-4268-943E-653D2F7D157A}
	EndGlobalSection
EndGlobal
