
Microsoft Visual Studio Solution File, Format Version 12.00
# Visual Studio Version 16
VisualStudioVersion = 16.0.30011.22
MinimumVisualStudioVersion = 10.0.40219.1
Project("{888888A0-9F3D-457C-B088-3A5042F75D52}") = "二分法查找元素", "二分法查找元素.pyproj", "{E2223F7A-FBFA-45A9-9119-D53E51607A83}"
EndProject
Global
	GlobalSection(SolutionConfigurationPlatforms) = preSolution
		Debug|Any CPU = Debug|Any CPU
		Release|Any CPU = Release|Any CPU
	EndGlobalSection
	GlobalSection(ProjectConfigurationPlatforms) = postSolution
		{E2223F7A-FBFA-45A9-9119-D53E51607A83}.Debug|Any CPU.ActiveCfg = Debug|Any CPU
		{E2223F7A-FBFA-45A9-9119-D53E51607A83}.Release|Any CPU.ActiveCfg = Release|Any CPU
	EndGlobalSection
	GlobalSection(SolutionProperties) = preSolution
		HideSolutionNode = FALSE
	EndGlobalSection
	GlobalSection(ExtensibilityGlobals) = postSolution
		SolutionGuid = {3C085D2D-040A-41EE-8AAC-C575BA515C1C}
	EndGlobalSection
EndGlobal
