
Microsoft Visual Studio Solution File, Format Version 12.00
# Visual Studio Version 16
VisualStudioVersion = 16.0.30011.22
MinimumVisualStudioVersion = 10.0.40219.1
Project("{888888A0-9F3D-457C-B088-3A5042F75D52}") = "7.3 返回每个字符的最后一次出现并排序", "7.3 返回每个字符的最后一次出现并排序.pyproj", "{1190D6A1-2591-4203-A698-158DEEFFF7CE}"
EndProject
Global
	GlobalSection(SolutionConfigurationPlatforms) = preSolution
		Debug|Any CPU = Debug|Any CPU
		Release|Any CPU = Release|Any CPU
	EndGlobalSection
	GlobalSection(ProjectConfigurationPlatforms) = postSolution
		{1190D6A1-2591-4203-A698-158DEEFFF7CE}.Debug|Any CPU.ActiveCfg = Debug|Any CPU
		{1190D6A1-2591-4203-A698-158DEEFFF7CE}.Release|Any CPU.ActiveCfg = Release|Any CPU
	EndGlobalSection
	GlobalSection(SolutionProperties) = preSolution
		HideSolutionNode = FALSE
	EndGlobalSection
	GlobalSection(ExtensibilityGlobals) = postSolution
		SolutionGuid = {EA4EE189-D02D-411C-833D-1885C4870420}
	EndGlobalSection
EndGlobal
