
Microsoft Visual Studio Solution File, Format Version 12.00
# Visual Studio Version 16
VisualStudioVersion = 16.0.30011.22
MinimumVisualStudioVersion = 10.0.40219.1
Project("{888888A0-9F3D-457C-B088-3A5042F75D52}") = "[期末作业]设计一套学校打铃系统", "[期末作业]设计一套学校打铃系统.pyproj", "{1AE31F95-276C-49B4-ABF5-1B0B414B0FF1}"
EndProject
Global
	GlobalSection(SolutionConfigurationPlatforms) = preSolution
		Debug|Any CPU = Debug|Any CPU
		Release|Any CPU = Release|Any CPU
	EndGlobalSection
	GlobalSection(ProjectConfigurationPlatforms) = postSolution
		{1AE31F95-276C-49B4-ABF5-1B0B414B0FF1}.Debug|Any CPU.ActiveCfg = Debug|Any CPU
		{1AE31F95-276C-49B4-ABF5-1B0B414B0FF1}.Release|Any CPU.ActiveCfg = Release|Any CPU
	EndGlobalSection
	GlobalSection(SolutionProperties) = preSolution
		HideSolutionNode = FALSE
	EndGlobalSection
	GlobalSection(ExtensibilityGlobals) = postSolution
		SolutionGuid = {D6DADC52-4422-4373-BE5B-991C0DC3BECF}
	EndGlobalSection
EndGlobal
