
Microsoft Visual Studio Solution File, Format Version 12.00
# Visual Studio Version 16
VisualStudioVersion = 16.0.30011.22
MinimumVisualStudioVersion = 10.0.40219.1
Project("{888888A0-9F3D-457C-B088-3A5042F75D52}") = "前n个素数", "前n个素数.pyproj", "{E1AB374D-EBA9-4876-945A-B58B2DAD7FD9}"
EndProject
Global
	GlobalSection(SolutionConfigurationPlatforms) = preSolution
		Debug|Any CPU = Debug|Any CPU
		Release|Any CPU = Release|Any CPU
	EndGlobalSection
	GlobalSection(ProjectConfigurationPlatforms) = postSolution
		{E1AB374D-EBA9-4876-945A-B58B2DAD7FD9}.Debug|Any CPU.ActiveCfg = Debug|Any CPU
		{E1AB374D-EBA9-4876-945A-B58B2DAD7FD9}.Release|Any CPU.ActiveCfg = Release|Any CPU
	EndGlobalSection
	GlobalSection(SolutionProperties) = preSolution
		HideSolutionNode = FALSE
	EndGlobalSection
	GlobalSection(ExtensibilityGlobals) = postSolution
		SolutionGuid = {0BA72FE1-F272-4B13-A61C-6D48900EA9DF}
	EndGlobalSection
EndGlobal
