
Microsoft Visual Studio Solution File, Format Version 12.00
# Visual Studio Version 16
VisualStudioVersion = 16.0.30011.22
MinimumVisualStudioVersion = 10.0.40219.1
Project("{888888A0-9F3D-457C-B088-3A5042F75D52}") = "7-5 简单的异或算法实现加密", "7-5 简单的异或算法实现加密.pyproj", "{538B7CD9-E10A-4737-86F4-CA3185172F42}"
EndProject
Global
	GlobalSection(SolutionConfigurationPlatforms) = preSolution
		Debug|Any CPU = Debug|Any CPU
		Release|Any CPU = Release|Any CPU
	EndGlobalSection
	GlobalSection(ProjectConfigurationPlatforms) = postSolution
		{538B7CD9-E10A-4737-86F4-CA3185172F42}.Debug|Any CPU.ActiveCfg = Debug|Any CPU
		{538B7CD9-E10A-4737-86F4-CA3185172F42}.Release|Any CPU.ActiveCfg = Release|Any CPU
	EndGlobalSection
	GlobalSection(SolutionProperties) = preSolution
		HideSolutionNode = FALSE
	EndGlobalSection
	GlobalSection(ExtensibilityGlobals) = postSolution
		SolutionGuid = {873548CE-5F31-4B75-B8C5-A1F32BCA5A9A}
	EndGlobalSection
EndGlobal
