
Microsoft Visual Studio Solution File, Format Version 12.00
# Visual Studio Version 16
VisualStudioVersion = 16.0.30011.22
MinimumVisualStudioVersion = 10.0.40219.1
Project("{888888A0-9F3D-457C-B088-3A5042F75D52}") = "自定义三维向量类", "自定义三维向量类.pyproj", "{BBD78D7B-1CEB-44AF-BF16-BF386450D61D}"
EndProject
Global
	GlobalSection(SolutionConfigurationPlatforms) = preSolution
		Debug|Any CPU = Debug|Any CPU
		Release|Any CPU = Release|Any CPU
	EndGlobalSection
	GlobalSection(ProjectConfigurationPlatforms) = postSolution
		{BBD78D7B-1CEB-44AF-BF16-BF386450D61D}.Debug|Any CPU.ActiveCfg = Debug|Any CPU
		{BBD78D7B-1CEB-44AF-BF16-BF386450D61D}.Release|Any CPU.ActiveCfg = Release|Any CPU
	EndGlobalSection
	GlobalSection(SolutionProperties) = preSolution
		HideSolutionNode = FALSE
	EndGlobalSection
	GlobalSection(ExtensibilityGlobals) = postSolution
		SolutionGuid = {46469DD8-BA04-485F-AEE6-A3FBF2A70566}
	EndGlobalSection
EndGlobal
