
Microsoft Visual Studio Solution File, Format Version 12.00
# Visual Studio Version 16
VisualStudioVersion = 16.0.30011.22
MinimumVisualStudioVersion = 10.0.40219.1
Project("{888888A0-9F3D-457C-B088-3A5042F75D52}") = "三维图（曲面、曲线）、动态画图", "三维图（曲面、曲线）、动态画图.pyproj", "{FD0D731C-9500-47D5-9A2A-AD8C950856A9}"
EndProject
Global
	GlobalSection(SolutionConfigurationPlatforms) = preSolution
		Debug|Any CPU = Debug|Any CPU
		Release|Any CPU = Release|Any CPU
	EndGlobalSection
	GlobalSection(ProjectConfigurationPlatforms) = postSolution
		{FD0D731C-9500-47D5-9A2A-AD8C950856A9}.Debug|Any CPU.ActiveCfg = Debug|Any CPU
		{FD0D731C-9500-47D5-9A2A-AD8C950856A9}.Release|Any CPU.ActiveCfg = Release|Any CPU
	EndGlobalSection
	GlobalSection(SolutionProperties) = preSolution
		HideSolutionNode = FALSE
	EndGlobalSection
	GlobalSection(ExtensibilityGlobals) = postSolution
		SolutionGuid = {7FDB9DD9-193B-459E-91A2-1B12E3C63E0C}
	EndGlobalSection
EndGlobal
